// !$*UTF8*$!
{
	archiveVersion = 1;
	classes = {
	};
	objectVersion = 56;
	objects = {

/* Begin PBXBuildFile section */
		033C862B2AC8271E00F3482A /* ScheduleSelectionViewController.swift in Sources */ = {isa = PBXBuildFile; fileRef = 033C862A2AC8271E00F3482A /* ScheduleSelectionViewController.swift */; };
		033C862E2AC8290100F3482A /* ScheduleTableViewCell.swift in Sources */ = {isa = PBXBuildFile; fileRef = 033C862D2AC8290100F3482A /* ScheduleTableViewCell.swift */; };
		03A346992AA66CFE00429578 /* AppDelegate.swift in Sources */ = {isa = PBXBuildFile; fileRef = 03A346982AA66CFE00429578 /* AppDelegate.swift */; };
		03A3469B2AA66CFE00429578 /* SceneDelegate.swift in Sources */ = {isa = PBXBuildFile; fileRef = 03A3469A2AA66CFE00429578 /* SceneDelegate.swift */; };
		03A346A02AA66CFE00429578 /* Main.storyboard in Resources */ = {isa = PBXBuildFile; fileRef = 03A3469E2AA66CFE00429578 /* Main.storyboard */; };
		03A346A22AA66CFF00429578 /* Assets.xcassets in Resources */ = {isa = PBXBuildFile; fileRef = 03A346A12AA66CFF00429578 /* Assets.xcassets */; };
		03A346A52AA66CFF00429578 /* LaunchScreen.storyboard in Resources */ = {isa = PBXBuildFile; fileRef = 03A346A32AA66CFF00429578 /* LaunchScreen.storyboard */; };
		03A346AD2AA70AA500429578 /* TrackersViewController.swift in Sources */ = {isa = PBXBuildFile; fileRef = 03A346AC2AA70AA500429578 /* TrackersViewController.swift */; };
		03A346AF2AAAED9300429578 /* StatisticsViewController.swift in Sources */ = {isa = PBXBuildFile; fileRef = 03A346AE2AAAED9300429578 /* StatisticsViewController.swift */; };
		03A346B12AAAEDEA00429578 /* TabBarController.swift in Sources */ = {isa = PBXBuildFile; fileRef = 03A346B02AAAEDEA00429578 /* TabBarController.swift */; };
		03A8BA402AB3135A00C9A534 /* TrackerViewController.swift in Sources */ = {isa = PBXBuildFile; fileRef = 03A8BA3F2AB3135A00C9A534 /* TrackerViewController.swift */; };
		03A8BA422AB376E600C9A534 /* EmojiCollectionViewCell.swift in Sources */ = {isa = PBXBuildFile; fileRef = 03A8BA412AB376E600C9A534 /* EmojiCollectionViewCell.swift */; };
		03A8BA442AB45A1B00C9A534 /* Structures.swift in Sources */ = {isa = PBXBuildFile; fileRef = 03A8BA432AB45A1B00C9A534 /* Structures.swift */; };
		03A8BA462AB45EA100C9A534 /* CustomTableViewCell.swift in Sources */ = {isa = PBXBuildFile; fileRef = 03A8BA452AB45EA100C9A534 /* CustomTableViewCell.swift */; };
		03A8BA482AB5BB2200C9A534 /* Extensions.swift in Sources */ = {isa = PBXBuildFile; fileRef = 03A8BA472AB5BB2200C9A534 /* Extensions.swift */; };
		03B2DF372AC0492300535ED0 /* ColorCollectionViewCell.swift in Sources */ = {isa = PBXBuildFile; fileRef = 03B2DF362AC0492300535ED0 /* ColorCollectionViewCell.swift */; };
		03D4735D2AB238AA00C3B918 /* TrackerTypeViewController.swift in Sources */ = {isa = PBXBuildFile; fileRef = 03D4735C2AB238AA00C3B918 /* TrackerTypeViewController.swift */; };
/* End PBXBuildFile section */

/* Begin PBXFileReference section */
		033C862A2AC8271E00F3482A /* ScheduleSelectionViewController.swift */ = {isa = PBXFileReference; lastKnownFileType = sourcecode.swift; path = ScheduleSelectionViewController.swift; sourceTree = "<group>"; };
		033C862D2AC8290100F3482A /* ScheduleTableViewCell.swift */ = {isa = PBXFileReference; lastKnownFileType = sourcecode.swift; path = ScheduleTableViewCell.swift; sourceTree = "<group>"; };
		03A346952AA66CFE00429578 /* Tracker.app */ = {isa = PBXFileReference; explicitFileType = wrapper.application; includeInIndex = 0; path = Tracker.app; sourceTree = BUILT_PRODUCTS_DIR; };
		03A346982AA66CFE00429578 /* AppDelegate.swift */ = {isa = PBXFileReference; lastKnownFileType = sourcecode.swift; path = AppDelegate.swift; sourceTree = "<group>"; };
		03A3469A2AA66CFE00429578 /* SceneDelegate.swift */ = {isa = PBXFileReference; lastKnownFileType = sourcecode.swift; path = SceneDelegate.swift; sourceTree = "<group>"; };
		03A3469F2AA66CFE00429578 /* Base */ = {isa = PBXFileReference; lastKnownFileType = file.storyboard; name = Base; path = Base.lproj/Main.storyboard; sourceTree = "<group>"; };
		03A346A12AA66CFF00429578 /* Assets.xcassets */ = {isa = PBXFileReference; lastKnownFileType = folder.assetcatalog; path = Assets.xcassets; sourceTree = "<group>"; };
		03A346A42AA66CFF00429578 /* Base */ = {isa = PBXFileReference; lastKnownFileType = file.storyboard; name = Base; path = Base.lproj/LaunchScreen.storyboard; sourceTree = "<group>"; };
		03A346A62AA66CFF00429578 /* Info.plist */ = {isa = PBXFileReference; lastKnownFileType = text.plist.xml; path = Info.plist; sourceTree = "<group>"; };
		03A346AC2AA70AA500429578 /* TrackersViewController.swift */ = {isa = PBXFileReference; lastKnownFileType = sourcecode.swift; path = TrackersViewController.swift; sourceTree = "<group>"; };
		03A346AE2AAAED9300429578 /* StatisticsViewController.swift */ = {isa = PBXFileReference; lastKnownFileType = sourcecode.swift; path = StatisticsViewController.swift; sourceTree = "<group>"; };
		03A346B02AAAEDEA00429578 /* TabBarController.swift */ = {isa = PBXFileReference; lastKnownFileType = sourcecode.swift; path = TabBarController.swift; sourceTree = "<group>"; };
		03A8BA3F2AB3135A00C9A534 /* TrackerViewController.swift */ = {isa = PBXFileReference; lastKnownFileType = sourcecode.swift; path = TrackerViewController.swift; sourceTree = "<group>"; };
		03A8BA412AB376E600C9A534 /* EmojiCollectionViewCell.swift */ = {isa = PBXFileReference; lastKnownFileType = sourcecode.swift; path = EmojiCollectionViewCell.swift; sourceTree = "<group>"; };
		03A8BA432AB45A1B00C9A534 /* Structures.swift */ = {isa = PBXFileReference; lastKnownFileType = sourcecode.swift; path = Structures.swift; sourceTree = "<group>"; };
		03A8BA452AB45EA100C9A534 /* CustomTableViewCell.swift */ = {isa = PBXFileReference; lastKnownFileType = sourcecode.swift; path = CustomTableViewCell.swift; sourceTree = "<group>"; };
		03A8BA472AB5BB2200C9A534 /* Extensions.swift */ = {isa = PBXFileReference; lastKnownFileType = sourcecode.swift; path = Extensions.swift; sourceTree = "<group>"; };
		03B2DF362AC0492300535ED0 /* ColorCollectionViewCell.swift */ = {isa = PBXFileReference; lastKnownFileType = sourcecode.swift; path = ColorCollectionViewCell.swift; sourceTree = "<group>"; };
		03D4735C2AB238AA00C3B918 /* TrackerTypeViewController.swift */ = {isa = PBXFileReference; lastKnownFileType = sourcecode.swift; path = TrackerTypeViewController.swift; sourceTree = "<group>"; };
/* End PBXFileReference section */

/* Begin PBXFrameworksBuildPhase section */
		03A346922AA66CFE00429578 /* Frameworks */ = {
			isa = PBXFrameworksBuildPhase;
			buildActionMask = 2147483647;
			files = (
			);
			runOnlyForDeploymentPostprocessing = 0;
		};
/* End PBXFrameworksBuildPhase section */

/* Begin PBXGroup section */
		033C862C2AC828D900F3482A /* ScheduleViewController */ = {
			isa = PBXGroup;
			children = (
				033C862A2AC8271E00F3482A /* ScheduleSelectionViewController.swift */,
				033C862D2AC8290100F3482A /* ScheduleTableViewCell.swift */,
			);
			path = ScheduleViewController;
			sourceTree = "<group>";
		};
		03A3468C2AA66CFE00429578 = {
			isa = PBXGroup;
			children = (
				03A346972AA66CFE00429578 /* Tracker */,
				03A346962AA66CFE00429578 /* Products */,
			);
			sourceTree = "<group>";
		};
		03A346962AA66CFE00429578 /* Products */ = {
			isa = PBXGroup;
			children = (
				03A346952AA66CFE00429578 /* Tracker.app */,
			);
			name = Products;
			sourceTree = "<group>";
		};
		03A346972AA66CFE00429578 /* Tracker */ = {
			isa = PBXGroup;
			children = (
				03A8BA472AB5BB2200C9A534 /* Extensions.swift */,
				03A346982AA66CFE00429578 /* AppDelegate.swift */,
				03A3469A2AA66CFE00429578 /* SceneDelegate.swift */,
				03A3469E2AA66CFE00429578 /* Main.storyboard */,
				03A346A12AA66CFF00429578 /* Assets.xcassets */,
				03A346A32AA66CFF00429578 /* LaunchScreen.storyboard */,
				03A346A62AA66CFF00429578 /* Info.plist */,
				03A346AC2AA70AA500429578 /* TrackersViewController.swift */,
				03A346AE2AAAED9300429578 /* StatisticsViewController.swift */,
				03A346B02AAAEDEA00429578 /* TabBarController.swift */,
				03D4735C2AB238AA00C3B918 /* TrackerTypeViewController.swift */,
				03B2DF382AC4A4F100535ED0 /* Tracker */,
				03A8BA432AB45A1B00C9A534 /* Structures.swift */,
			);
			path = Tracker;
			sourceTree = "<group>";
		};
		03B2DF382AC4A4F100535ED0 /* Tracker */ = {
			isa = PBXGroup;
			children = (
				03A8BA3F2AB3135A00C9A534 /* TrackerViewController.swift */,
				03A8BA412AB376E600C9A534 /* EmojiCollectionViewCell.swift */,
				03B2DF362AC0492300535ED0 /* ColorCollectionViewCell.swift */,
				03A8BA452AB45EA100C9A534 /* CustomTableViewCell.swift */,
				033C862C2AC828D900F3482A /* ScheduleViewController */,
			);
			path = Tracker;
			sourceTree = "<group>";
		};
/* End PBXGroup section */

/* Begin PBXNativeTarget section */
		03A346942AA66CFE00429578 /* Tracker */ = {
			isa = PBXNativeTarget;
			buildConfigurationList = 03A346A92AA66CFF00429578 /* Build configuration list for PBXNativeTarget "Tracker" */;
			buildPhases = (
				03A346912AA66CFE00429578 /* Sources */,
				03A346922AA66CFE00429578 /* Frameworks */,
				03A346932AA66CFE00429578 /* Resources */,
			);
			buildRules = (
			);
			dependencies = (
			);
			name = Tracker;
			productName = Tracker;
			productReference = 03A346952AA66CFE00429578 /* Tracker.app */;
			productType = "com.apple.product-type.application";
		};
/* End PBXNativeTarget section */

/* Begin PBXProject section */
		03A3468D2AA66CFE00429578 /* Project object */ = {
			isa = PBXProject;
			attributes = {
				BuildIndependentTargetsInParallel = 1;
				LastSwiftUpdateCheck = 1430;
				LastUpgradeCheck = 1430;
				TargetAttributes = {
					03A346942AA66CFE00429578 = {
						CreatedOnToolsVersion = 14.3.1;
					};
				};
			};
			buildConfigurationList = 03A346902AA66CFE00429578 /* Build configuration list for PBXProject "Tracker" */;
			compatibilityVersion = "Xcode 14.0";
			developmentRegion = en;
			hasScannedForEncodings = 0;
			knownRegions = (
				en,
				Base,
			);
			mainGroup = 03A3468C2AA66CFE00429578;
			productRefGroup = 03A346962AA66CFE00429578 /* Products */;
			projectDirPath = "";
			projectRoot = "";
			targets = (
				03A346942AA66CFE00429578 /* Tracker */,
			);
		};
/* End PBXProject section */

/* Begin PBXResourcesBuildPhase section */
		03A346932AA66CFE00429578 /* Resources */ = {
			isa = PBXResourcesBuildPhase;
			buildActionMask = 2147483647;
			files = (
				03A346A52AA66CFF00429578 /* LaunchScreen.storyboard in Resources */,
				03A346A22AA66CFF00429578 /* Assets.xcassets in Resources */,
				03A346A02AA66CFE00429578 /* Main.storyboard in Resources */,
			);
			runOnlyForDeploymentPostprocessing = 0;
		};
/* End PBXResourcesBuildPhase section */

/* Begin PBXSourcesBuildPhase section */
		03A346912AA66CFE00429578 /* Sources */ = {
			isa = PBXSourcesBuildPhase;
			buildActionMask = 2147483647;
			files = (
				03A346AF2AAAED9300429578 /* StatisticsViewController.swift in Sources */,
				033C862B2AC8271E00F3482A /* ScheduleSelectionViewController.swift in Sources */,
				03A8BA442AB45A1B00C9A534 /* Structures.swift in Sources */,
				03A8BA402AB3135A00C9A534 /* TrackerViewController.swift in Sources */,
				03D4735D2AB238AA00C3B918 /* TrackerTypeViewController.swift in Sources */,
				03A8BA422AB376E600C9A534 /* EmojiCollectionViewCell.swift in Sources */,
				03A346AD2AA70AA500429578 /* TrackersViewController.swift in Sources */,
				03B2DF372AC0492300535ED0 /* ColorCollectionViewCell.swift in Sources */,
				033C862E2AC8290100F3482A /* ScheduleTableViewCell.swift in Sources */,
				03A8BA462AB45EA100C9A534 /* CustomTableViewCell.swift in Sources */,
				03A346B12AAAEDEA00429578 /* TabBarController.swift in Sources */,
				03A346992AA66CFE00429578 /* AppDelegate.swift in Sources */,
				03A8BA482AB5BB2200C9A534 /* Extensions.swift in Sources */,
				03A3469B2AA66CFE00429578 /* SceneDelegate.swift in Sources */,
			);
			runOnlyForDeploymentPostprocessing = 0;
		};
/* End PBXSourcesBuildPhase section */

/* Begin PBXVariantGroup section */
		03A3469E2AA66CFE00429578 /* Main.storyboard */ = {
			isa = PBXVariantGroup;
			children = (
				03A3469F2AA66CFE00429578 /* Base */,
			);
			name = Main.storyboard;
			sourceTree = "<group>";
		};
		03A346A32AA66CFF00429578 /* LaunchScreen.storyboard */ = {
			isa = PBXVariantGroup;
			children = (
				03A346A42AA66CFF00429578 /* Base */,
			);
			name = LaunchScreen.storyboard;
			sourceTree = "<group>";
		};
/* End PBXVariantGroup section */

/* Begin XCBuildConfiguration section */
		03A346A72AA66CFF00429578 /* Debug */ = {
			isa = XCBuildConfiguration;
			buildSettings = {
				ALWAYS_SEARCH_USER_PATHS = NO;
				CLANG_ANALYZER_NONNULL = YES;
				CLANG_ANALYZER_NUMBER_OBJECT_CONVERSION = YES_AGGRESSIVE;
				CLANG_CXX_LANGUAGE_STANDARD = "gnu++20";
				CLANG_ENABLE_MODULES = YES;
				CLANG_ENABLE_OBJC_ARC = YES;
				CLANG_ENABLE_OBJC_WEAK = YES;
				CLANG_WARN_BLOCK_CAPTURE_AUTORELEASING = YES;
				CLANG_WARN_BOOL_CONVERSION = YES;
				CLANG_WARN_COMMA = YES;
				CLANG_WARN_CONSTANT_CONVERSION = YES;
				CLANG_WARN_DEPRECATED_OBJC_IMPLEMENTATIONS = YES;
				CLANG_WARN_DIRECT_OBJC_ISA_USAGE = YES_ERROR;
				CLANG_WARN_DOCUMENTATION_COMMENTS = YES;
				CLANG_WARN_EMPTY_BODY = YES;
				CLANG_WARN_ENUM_CONVERSION = YES;
				CLANG_WARN_INFINITE_RECURSION = YES;
				CLANG_WARN_INT_CONVERSION = YES;
				CLANG_WARN_NON_LITERAL_NULL_CONVERSION = YES;
				CLANG_WARN_OBJC_IMPLICIT_RETAIN_SELF = YES;
				CLANG_WARN_OBJC_LITERAL_CONVERSION = YES;
				CLANG_WARN_OBJC_ROOT_CLASS = YES_ERROR;
				CLANG_WARN_QUOTED_INCLUDE_IN_FRAMEWORK_HEADER = YES;
				CLANG_WARN_RANGE_LOOP_ANALYSIS = YES;
				CLANG_WARN_STRICT_PROTOTYPES = YES;
				CLANG_WARN_SUSPICIOUS_MOVE = YES;
				CLANG_WARN_UNGUARDED_AVAILABILITY = YES_AGGRESSIVE;
				CLANG_WARN_UNREACHABLE_CODE = YES;
				CLANG_WARN__DUPLICATE_METHOD_MATCH = YES;
				COPY_PHASE_STRIP = NO;
				DEBUG_INFORMATION_FORMAT = dwarf;
				ENABLE_STRICT_OBJC_MSGSEND = YES;
				ENABLE_TESTABILITY = YES;
				GCC_C_LANGUAGE_STANDARD = gnu11;
				GCC_DYNAMIC_NO_PIC = NO;
				GCC_NO_COMMON_BLOCKS = YES;
				GCC_OPTIMIZATION_LEVEL = 0;
				GCC_PREPROCESSOR_DEFINITIONS = (
					"DEBUG=1",
					"$(inherited)",
				);
				GCC_WARN_64_TO_32_BIT_CONVERSION = YES;
				GCC_WARN_ABOUT_RETURN_TYPE = YES_ERROR;
				GCC_WARN_UNDECLARED_SELECTOR = YES;
				GCC_WARN_UNINITIALIZED_AUTOS = YES_AGGRESSIVE;
				GCC_WARN_UNUSED_FUNCTION = YES;
				GCC_WARN_UNUSED_VARIABLE = YES;
				IPHONEOS_DEPLOYMENT_TARGET = 13.4;
				MTL_ENABLE_DEBUG_INFO = INCLUDE_SOURCE;
				MTL_FAST_MATH = YES;
				ONLY_ACTIVE_ARCH = YES;
				SDKROOT = iphoneos;
				SWIFT_ACTIVE_COMPILATION_CONDITIONS = DEBUG;
				SWIFT_OPTIMIZATION_LEVEL = "-Onone";
			};
			name = Debug;
		};
		03A346A82AA66CFF00429578 /* Release */ = {
			isa = XCBuildConfiguration;
			buildSettings = {
				ALWAYS_SEARCH_USER_PATHS = NO;
				CLANG_ANALYZER_NONNULL = YES;
				CLANG_ANALYZER_NUMBER_OBJECT_CONVERSION = YES_AGGRESSIVE;
				CLANG_CXX_LANGUAGE_STANDARD = "gnu++20";
				CLANG_ENABLE_MODULES = YES;
				CLANG_ENABLE_OBJC_ARC = YES;
				CLANG_ENABLE_OBJC_WEAK = YES;
				CLANG_WARN_BLOCK_CAPTURE_AUTORELEASING = YES;
				CLANG_WARN_BOOL_CONVERSION = YES;
				CLANG_WARN_COMMA = YES;
				CLANG_WARN_CONSTANT_CONVERSION = YES;
				CLANG_WARN_DEPRECATED_OBJC_IMPLEMENTATIONS = YES;
				CLANG_WARN_DIRECT_OBJC_ISA_USAGE = YES_ERROR;
				CLANG_WARN_DOCUMENTATION_COMMENTS = YES;
				CLANG_WARN_EMPTY_BODY = YES;
				CLANG_WARN_ENUM_CONVERSION = YES;
				CLANG_WARN_INFINITE_RECURSION = YES;
				CLANG_WARN_INT_CONVERSION = YES;
				CLANG_WARN_NON_LITERAL_NULL_CONVERSION = YES;
				CLANG_WARN_OBJC_IMPLICIT_RETAIN_SELF = YES;
				CLANG_WARN_OBJC_LITERAL_CONVERSION = YES;
				CLANG_WARN_OBJC_ROOT_CLASS = YES_ERROR;
				CLANG_WARN_QUOTED_INCLUDE_IN_FRAMEWORK_HEADER = YES;
				CLANG_WARN_RANGE_LOOP_ANALYSIS = YES;
				CLANG_WARN_STRICT_PROTOTYPES = YES;
				CLANG_WARN_SUSPICIOUS_MOVE = YES;
				CLANG_WARN_UNGUARDED_AVAILABILITY = YES_AGGRESSIVE;
				CLANG_WARN_UNREACHABLE_CODE = YES;
				CLANG_WARN__DUPLICATE_METHOD_MATCH = YES;
				COPY_PHASE_STRIP = NO;
				DEBUG_INFORMATION_FORMAT = "dwarf-with-dsym";
				ENABLE_NS_ASSERTIONS = NO;
				ENABLE_STRICT_OBJC_MSGSEND = YES;
				GCC_C_LANGUAGE_STANDARD = gnu11;
				GCC_NO_COMMON_BLOCKS = YES;
				GCC_WARN_64_TO_32_BIT_CONVERSION = YES;
				GCC_WARN_ABOUT_RETURN_TYPE = YES_ERROR;
				GCC_WARN_UNDECLARED_SELECTOR = YES;
				GCC_WARN_UNINITIALIZED_AUTOS = YES_AGGRESSIVE;
				GCC_WARN_UNUSED_FUNCTION = YES;
				GCC_WARN_UNUSED_VARIABLE = YES;
				IPHONEOS_DEPLOYMENT_TARGET = 13.4;
				MTL_ENABLE_DEBUG_INFO = NO;
				MTL_FAST_MATH = YES;
				SDKROOT = iphoneos;
				SWIFT_COMPILATION_MODE = wholemodule;
				SWIFT_OPTIMIZATION_LEVEL = "-O";
				VALIDATE_PRODUCT = YES;
			};
			name = Release;
		};
		03A346AA2AA66CFF00429578 /* Debug */ = {
			isa = XCBuildConfiguration;
			buildSettings = {
				ASSETCATALOG_COMPILER_APPICON_NAME = AppIcon;
				ASSETCATALOG_COMPILER_GLOBAL_ACCENT_COLOR_NAME = AccentColor;
				CODE_SIGN_STYLE = Automatic;
				CURRENT_PROJECT_VERSION = 1;
				DEVELOPMENT_TEAM = HJ82T4T82Z;
				GENERATE_INFOPLIST_FILE = YES;
				INFOPLIST_FILE = Tracker/Info.plist;
				INFOPLIST_KEY_UIApplicationSupportsIndirectInputEvents = YES;
				INFOPLIST_KEY_UILaunchStoryboardName = LaunchScreen;
				INFOPLIST_KEY_UIMainStoryboardFile = Main;
				INFOPLIST_KEY_UISupportedInterfaceOrientations = UIInterfaceOrientationPortrait;
				INFOPLIST_KEY_UISupportedInterfaceOrientations_iPad = "UIInterfaceOrientationLandscapeLeft UIInterfaceOrientationLandscapeRight UIInterfaceOrientationPortrait UIInterfaceOrientationPortraitUpsideDown";
				IPHONEOS_DEPLOYMENT_TARGET = 13.4;
				LD_RUNPATH_SEARCH_PATHS = (
					"$(inherited)",
					"@executable_path/Frameworks",
				);
				MARKETING_VERSION = 1.0;
				PRODUCT_BUNDLE_IDENTIFIER = ru.yandex.practicum.Tracker;
				PRODUCT_NAME = "$(TARGET_NAME)";
				SUPPORTED_PLATFORMS = "iphoneos iphonesimulator";
				SUPPORTS_MACCATALYST = NO;
				SUPPORTS_MAC_DESIGNED_FOR_IPHONE_IPAD = NO;
				SWIFT_EMIT_LOC_STRINGS = YES;
				SWIFT_VERSION = 5.0;
				TARGETED_DEVICE_FAMILY = 1;
			};
			name = Debug;
		};
		03A346AB2AA66CFF00429578 /* Release */ = {
			isa = XCBuildConfiguration;
			buildSettings = {
				ASSETCATALOG_COMPILER_APPICON_NAME = AppIcon;
				ASSETCATALOG_COMPILER_GLOBAL_ACCENT_COLOR_NAME = AccentColor;
				CODE_SIGN_STYLE = Automatic;
				CURRENT_PROJECT_VERSION = 1;
				DEVELOPMENT_TEAM = HJ82T4T82Z;
				GENERATE_INFOPLIST_FILE = YES;
				INFOPLIST_FILE = Tracker/Info.plist;
				INFOPLIST_KEY_UIApplicationSupportsIndirectInputEvents = YES;
				INFOPLIST_KEY_UILaunchStoryboardName = LaunchScreen;
				INFOPLIST_KEY_UIMainStoryboardFile = Main;
				INFOPLIST_KEY_UISupportedInterfaceOrientations = UIInterfaceOrientationPortrait;
				INFOPLIST_KEY_UISupportedInterfaceOrientations_iPad = "UIInterfaceOrientationLandscapeLeft UIInterfaceOrientationLandscapeRight UIInterfaceOrientationPortrait UIInterfaceOrientationPortraitUpsideDown";
				IPHONEOS_DEPLOYMENT_TARGET = 13.4;
				LD_RUNPATH_SEARCH_PATHS = (
					"$(inherited)",
					"@executable_path/Frameworks",
				);
				MARKETING_VERSION = 1.0;
				PRODUCT_BUNDLE_IDENTIFIER = ru.yandex.practicum.Tracker;
				PRODUCT_NAME = "$(TARGET_NAME)";
				SUPPORTED_PLATFORMS = "iphoneos iphonesimulator";
				SUPPORTS_MACCATALYST = NO;
				SUPPORTS_MAC_DESIGNED_FOR_IPHONE_IPAD = NO;
				SWIFT_EMIT_LOC_STRINGS = YES;
				SWIFT_VERSION = 5.0;
				TARGETED_DEVICE_FAMILY = 1;
			};
			name = Release;
		};
/* End XCBuildConfiguration section */

/* Begin XCConfigurationList section */
		03A346902AA66CFE00429578 /* Build configuration list for PBXProject "Tracker" */ = {
			isa = XCConfigurationList;
			buildConfigurations = (
				03A346A72AA66CFF00429578 /* Debug */,
				03A346A82AA66CFF00429578 /* Release */,
			);
			defaultConfigurationIsVisible = 0;
			defaultConfigurationName = Release;
		};
		03A346A92AA66CFF00429578 /* Build configuration list for PBXNativeTarget "Tracker" */ = {
			isa = XCConfigurationList;
			buildConfigurations = (
				03A346AA2AA66CFF00429578 /* Debug */,
				03A346AB2AA66CFF00429578 /* Release */,
			);
			defaultConfigurationIsVisible = 0;
			defaultConfigurationName = Release;
		};
/* End XCConfigurationList section */
	};
	rootObject = 03A3468D2AA66CFE00429578 /* Project object */;
}
